
Microsoft Visual Studio Solution File, Format Version 12.00
# Visual Studio Version 17
VisualStudioVersion = 17.6.33723.286
MinimumVisualStudioVersion = 10.0.40219.1
Project("{9A19103F-16F7-4668-BE54-9A1E7A4F7556}") = "P01. Sort Numbers", "P01. Sort Numbers\P01. Sort Numbers.csproj", "{8B5F8D3E-61B3-412F-B565-CE0B13806DA8}"
EndProject
Project("{9A19103F-16F7-4668-BE54-9A1E7A4F7556}") = "P02. English Name of the Last Digit", "P02. English Name of the Last Digit\P02. English Name of the Last Digit.csproj", "{3EDBCE85-5E14-42D7-8151-C6ADB1AF93CD}"
EndProject
Project("{9A19103F-16F7-4668-BE54-9A1E7A4F7556}") = "P03. Gaming Store", "P03. Gaming Store\P03. Gaming Store.csproj", "{A71B8184-88A8-4A5E-BC2F-2D188450E25B}"
EndProject
Project("{9A19103F-16F7-4668-BE54-9A1E7A4F7556}") = "P04. Reverse String", "P04. Reverse String\P04. Reverse String.csproj", "{53E8ACA9-CD79-4F08-8469-8BA007B1F1C8}"
EndProject
Project("{9A19103F-16F7-4668-BE54-9A1E7A4F7556}") = "P05. Messages", "P05. Messages\P05. Messages.csproj", "{7762679C-84CB-4FF1-9847-AAD54CAE4AFC}"
EndProject
Global
	GlobalSection(SolutionConfigurationPlatforms) = preSolution
		Debug|Any CPU = Debug|Any CPU
		Release|Any CPU = Release|Any CPU
	EndGlobalSection
	GlobalSection(ProjectConfigurationPlatforms) = postSolution
		{8B5F8D3E-61B3-412F-B565-CE0B13806DA8}.Debug|Any CPU.ActiveCfg = Debug|Any CPU
		{8B5F8D3E-61B3-412F-B565-CE0B13806DA8}.Debug|Any CPU.Build.0 = Debug|Any CPU
		{8B5F8D3E-61B3-412F-B565-CE0B13806DA8}.Release|Any CPU.ActiveCfg = Release|Any CPU
		{8B5F8D3E-61B3-412F-B565-CE0B13806DA8}.Release|Any CPU.Build.0 = Release|Any CPU
		{3EDBCE85-5E14-42D7-8151-C6ADB1AF93CD}.Debug|Any CPU.ActiveCfg = Debug|Any CPU
		{3EDBCE85-5E14-42D7-8151-C6ADB1AF93CD}.Debug|Any CPU.Build.0 = Debug|Any CPU
		{3EDBCE85-5E14-42D7-8151-C6ADB1AF93CD}.Release|Any CPU.ActiveCfg = Release|Any CPU
		{3EDBCE85-5E14-42D7-8151-C6ADB1AF93CD}.Release|Any CPU.Build.0 = Release|Any CPU
		{A71B8184-88A8-4A5E-BC2F-2D188450E25B}.Debug|Any CPU.ActiveCfg = Debug|Any CPU
		{A71B8184-88A8-4A5E-BC2F-2D188450E25B}.Debug|Any CPU.Build.0 = Debug|Any CPU
		{A71B8184-88A8-4A5E-BC2F-2D188450E25B}.Release|Any CPU.ActiveCfg = Release|Any CPU
		{A71B8184-88A8-4A5E-BC2F-2D188450E25B}.Release|Any CPU.Build.0 = Release|Any CPU
		{53E8ACA9-CD79-4F08-8469-8BA007B1F1C8}.Debug|Any CPU.ActiveCfg = Debug|Any CPU
		{53E8ACA9-CD79-4F08-8469-8BA007B1F1C8}.Debug|Any CPU.Build.0 = Debug|Any CPU
		{53E8ACA9-CD79-4F08-8469-8BA007B1F1C8}.Release|Any CPU.ActiveCfg = Release|Any CPU
		{53E8ACA9-CD79-4F08-8469-8BA007B1F1C8}.Release|Any CPU.Build.0 = Release|Any CPU
		{7762679C-84CB-4FF1-9847-AAD54CAE4AFC}.Debug|Any CPU.ActiveCfg = Debug|Any CPU
		{7762679C-84CB-4FF1-9847-AAD54CAE4AFC}.Debug|Any CPU.Build.0 = Debug|Any CPU
		{7762679C-84CB-4FF1-9847-AAD54CAE4AFC}.Release|Any CPU.ActiveCfg = Release|Any CPU
		{7762679C-84CB-4FF1-9847-AAD54CAE4AFC}.Release|Any CPU.Build.0 = Release|Any CPU
	EndGlobalSection
	GlobalSection(SolutionProperties) = preSolution
		HideSolutionNode = FALSE
	EndGlobalSection
	GlobalSection(ExtensibilityGlobals) = postSolution
		SolutionGuid = {3F741088-189A-4CFE-BC4C-BAFA69AE1248}
	EndGlobalSection
EndGlobal
